{
  "name": "LogiPoker",
  "version": "3.2.0",
  "lockfileVersion": 1,
  "requires": true,
  "dependencies": {
    "switch-ts": {
      "version": "1.0.8",
      "resolved": "https://registry.npmjs.org/switch-ts/-/switch-ts-1.0.8.tgz",
      "integrity": "sha512-QfVMkPO/1zBW5E88HWO88p8YlvhVA6BNrKZmbhVaEQqosMC0I/WdEkGGOverJOH9vF40AUkyPrj+4LHOY91i5g=="
    }
  }
}
